
Microsoft Visual Studio Solution File, Format Version 12.00
# Visual Studio Version 16
VisualStudioVersion = 16.0.30002.166
MinimumVisualStudioVersion = 10.0.40219.1
Project("{9A19103F-16F7-4668-BE54-9A1E7A4F7556}") = "DatingApp.API", "DatingApp.API.csproj", "{6E398E67-1F0F-44E1-B600-42A6E43AEB93}"
EndProject
Global
	GlobalSection(SolutionConfigurationPlatforms) = preSolution
		Debug|Any CPU = Debug|Any CPU
		Release|Any CPU = Release|Any CPU
	EndGlobalSection
	GlobalSection(ProjectConfigurationPlatforms) = postSolution
		{6E398E67-1F0F-44E1-B600-42A6E43AEB93}.Debug|Any CPU.ActiveCfg = Debug|Any CPU
		{6E398E67-1F0F-44E1-B600-42A6E43AEB93}.Debug|Any CPU.Build.0 = Debug|Any CPU
		{6E398E67-1F0F-44E1-B600-42A6E43AEB93}.Release|Any CPU.ActiveCfg = Release|Any CPU
		{6E398E67-1F0F-44E1-B600-42A6E43AEB93}.Release|Any CPU.Build.0 = Release|Any CPU
	EndGlobalSection
	GlobalSection(SolutionProperties) = preSolution
		HideSolutionNode = FALSE
	EndGlobalSection
	GlobalSection(ExtensibilityGlobals) = postSolution
		SolutionGuid = {49294C34-376E-470D-A907-4C4351ECC73C}
	EndGlobalSection
EndGlobal
